
Microsoft Visual Studio Solution File, Format Version 12.00
# Visual Studio Version 17
VisualStudioVersion = 17.12.35514.174 d17.12
MinimumVisualStudioVersion = 10.0.40219.1
Project("{FAE04EC0-301F-11D3-BF4B-00C04F79EFBC}") = "HospitalManagementSystem.UI", "HospitalManagementSystem.UI\HospitalManagementSystem.UI.csproj", "{73376BF0-9DCB-45ED-850C-6A76E9A50133}"
EndProject
Project("{2150E333-8FDC-42A3-9474-1A3956D46DE8}") = "src", "src", "{15776437-1218-40AC-9A78-CE8D5EAE43C8}"
EndProject
Project("{2150E333-8FDC-42A3-9474-1A3956D46DE8}") = "tests", "tests", "{4FD2FAAE-A595-4A46-AD65-0AFDC202B24E}"
EndProject
Project("{FAE04EC0-301F-11D3-BF4B-00C04F79EFBC}") = "HospitalManagementSystem.Core", "HospitalManagementSystem.Core\HospitalManagementSystem.Core.csproj", "{DDC063FA-F2E4-41C5-B3B5-05E3C434881D}"
EndProject
Project("{FAE04EC0-301F-11D3-BF4B-00C04F79EFBC}") = "HospitalManagementSystem.Infrastucture", "HospitalManagementSystem.Infrastucture\HospitalManagementSystem.Infrastucture.csproj", "{6E99EC0B-AC7F-41E0-A9AF-ED90B703B66D}"
EndProject
Global
	GlobalSection(SolutionConfigurationPlatforms) = preSolution
		Debug|Any CPU = Debug|Any CPU
		Release|Any CPU = Release|Any CPU
	EndGlobalSection
	GlobalSection(ProjectConfigurationPlatforms) = postSolution
		{73376BF0-9DCB-45ED-850C-6A76E9A50133}.Debug|Any CPU.ActiveCfg = Debug|Any CPU
		{73376BF0-9DCB-45ED-850C-6A76E9A50133}.Debug|Any CPU.Build.0 = Debug|Any CPU
		{73376BF0-9DCB-45ED-850C-6A76E9A50133}.Release|Any CPU.ActiveCfg = Release|Any CPU
		{73376BF0-9DCB-45ED-850C-6A76E9A50133}.Release|Any CPU.Build.0 = Release|Any CPU
		{DDC063FA-F2E4-41C5-B3B5-05E3C434881D}.Debug|Any CPU.ActiveCfg = Debug|Any CPU
		{DDC063FA-F2E4-41C5-B3B5-05E3C434881D}.Debug|Any CPU.Build.0 = Debug|Any CPU
		{DDC063FA-F2E4-41C5-B3B5-05E3C434881D}.Release|Any CPU.ActiveCfg = Release|Any CPU
		{DDC063FA-F2E4-41C5-B3B5-05E3C434881D}.Release|Any CPU.Build.0 = Release|Any CPU
		{6E99EC0B-AC7F-41E0-A9AF-ED90B703B66D}.Debug|Any CPU.ActiveCfg = Debug|Any CPU
		{6E99EC0B-AC7F-41E0-A9AF-ED90B703B66D}.Debug|Any CPU.Build.0 = Debug|Any CPU
		{6E99EC0B-AC7F-41E0-A9AF-ED90B703B66D}.Release|Any CPU.ActiveCfg = Release|Any CPU
		{6E99EC0B-AC7F-41E0-A9AF-ED90B703B66D}.Release|Any CPU.Build.0 = Release|Any CPU
	EndGlobalSection
	GlobalSection(SolutionProperties) = preSolution
		HideSolutionNode = FALSE
	EndGlobalSection
	GlobalSection(NestedProjects) = preSolution
		{73376BF0-9DCB-45ED-850C-6A76E9A50133} = {15776437-1218-40AC-9A78-CE8D5EAE43C8}
		{DDC063FA-F2E4-41C5-B3B5-05E3C434881D} = {15776437-1218-40AC-9A78-CE8D5EAE43C8}
		{6E99EC0B-AC7F-41E0-A9AF-ED90B703B66D} = {15776437-1218-40AC-9A78-CE8D5EAE43C8}
	EndGlobalSection
EndGlobal
